
Microsoft Visual Studio Solution File, Format Version 12.00
# Visual Studio Version 16
VisualStudioVersion = 16.0.30804.86
MinimumVisualStudioVersion = 10.0.40219.1
Project("{8BC9CEB8-8B4A-11D0-8D11-00A0C91BC942}") = "ConsoleApplication1", "ConsoleApplication1\ConsoleApplication1.vcxproj", "{ADC85E74-A774-431A-8331-F9D21589C4AB}"
EndProject
Project("{8BC9CEB8-8B4A-11D0-8D11-00A0C91BC942}") = "Factorio", "Factorio\Factorio.vcxproj", "{8648C127-BA1F-4F82-9DCD-10164A473E88}"
EndProject
Project("{8BC9CEB8-8B4A-11D0-8D11-00A0C91BC942}") = "20200917", "20200917\20200917.vcxproj", "{B844F57D-5E92-44C1-99BB-87BDF6E58C7F}"
EndProject
Project("{8BC9CEB8-8B4A-11D0-8D11-00A0C91BC942}") = "20200918", "20200918\20200918.vcxproj", "{B9E4E8DE-0F64-4D03-9E86-F971E938B6FE}"
EndProject
Project("{8BC9CEB8-8B4A-11D0-8D11-00A0C91BC942}") = "20200921", "20200921\20200921.vcxproj", "{F5A56E6C-9DA4-47E7-912B-CBD0DE44EEAD}"
EndProject
Project("{8BC9CEB8-8B4A-11D0-8D11-00A0C91BC942}") = "20200922", "20200922\20200922.vcxproj", "{84824E27-D36E-45FF-85D9-36ADF8FDF15F}"
EndProject
Project("{8BC9CEB8-8B4A-11D0-8D11-00A0C91BC942}") = "20200923", "20200923\20200923.vcxproj", "{C5D615DC-015C-4C69-89A5-37A6FAE72CC4}"
EndProject
Project("{8BC9CEB8-8B4A-11D0-8D11-00A0C91BC942}") = "20200924", "20200924\20200924.vcxproj", "{E289A75B-C987-4F61-A687-D6DF2875531A}"
EndProject
Project("{8BC9CEB8-8B4A-11D0-8D11-00A0C91BC942}") = "StructHero", "StructHero\StructHero.vcxproj", "{F2ABEFF8-CAB6-4587-8390-559F7E0B3B42}"
EndProject
Project("{8BC9CEB8-8B4A-11D0-8D11-00A0C91BC942}") = "20200928", "20200928\20200928.vcxproj", "{6D7C03E5-115D-4328-96A7-455363F5C441}"
EndProject
Project("{2150E333-8FDC-42A3-9474-1A3956D46DE8}") = "09월", "09월", "{D940C04A-2BE3-41BA-96A8-9B7C96C1203E}"
EndProject
Project("{8BC9CEB8-8B4A-11D0-8D11-00A0C91BC942}") = "20200929", "20200929\20200929.vcxproj", "{344309B1-7F61-4BE7-91B5-D51271FDC1FD}"
EndProject
Project("{2150E333-8FDC-42A3-9474-1A3956D46DE8}") = "10월", "10월", "{FBEBB6F0-2B0F-491C-9C8A-E7425117CA3E}"
EndProject
Project("{8BC9CEB8-8B4A-11D0-8D11-00A0C91BC942}") = "20201005", "20201005\20201005.vcxproj", "{5299B6A4-51C0-44AA-AB6A-7B2B2E183F5F}"
EndProject
Project("{8BC9CEB8-8B4A-11D0-8D11-00A0C91BC942}") = "20201008", "20201008\20201008.vcxproj", "{0F38FC5C-947E-4302-93A4-5EE35FB374FE}"
EndProject
Project("{8BC9CEB8-8B4A-11D0-8D11-00A0C91BC942}") = "20201012_WinMain", "20201012_WinMain\20201012_WinMain.vcxproj", "{3E7C05B0-8CA4-409F-9E13-F38ADCC26CE7}"
EndProject
Project("{8BC9CEB8-8B4A-11D0-8D11-00A0C91BC942}") = "20201013_WinMain", "20201013_WinMain\20201013_WinMain.vcxproj", "{1886A44F-1CFA-4087-98BD-DEFBFF568AC9}"
EndProject
Project("{8BC9CEB8-8B4A-11D0-8D11-00A0C91BC942}") = "20201015", "20201015\20201015.vcxproj", "{E9D5BD71-0836-4A8F-8EAB-42697A0002E4}"
EndProject
Project("{8BC9CEB8-8B4A-11D0-8D11-00A0C91BC942}") = "20201015_1_3Boxes", "20201015_1_3Boxes\20201015_1_3Boxes.vcxproj", "{B99D91E0-EA80-430D-896B-E34F03694262}"
EndProject
Project("{8BC9CEB8-8B4A-11D0-8D11-00A0C91BC942}") = "Chapter11", "Chapter11\Chapter11.vcxproj", "{BF3EC222-A7E1-408E-A931-5BE8ADD5CB57}"
EndProject
Project("{8BC9CEB8-8B4A-11D0-8D11-00A0C91BC942}") = "20201020", "20201020\20201020.vcxproj", "{6179C577-2428-4B9B-B6E6-F790CEB79495}"
EndProject
Project("{8BC9CEB8-8B4A-11D0-8D11-00A0C91BC942}") = "20201022_WinMain_1945", "20201022_WinMain\201012_WinMain.vcxproj", "{516D39DE-BFBE-4EAC-9F23-0D9D034ECB01}"
EndProject
Project("{8BC9CEB8-8B4A-11D0-8D11-00A0C91BC942}") = "atanTest", "atanTest\atanTest.vcxproj", "{987750A4-1A31-4535-942C-F7C5629DB67A}"
EndProject
Project("{8BC9CEB8-8B4A-11D0-8D11-00A0C91BC942}") = "1945Game", "1945Game\1945Game.vcxproj", "{0DD2DCAE-40E4-4B17-B3FF-D004CB38E444}"
EndProject
Project("{8BC9CEB8-8B4A-11D0-8D11-00A0C91BC942}") = "20201026_WinMain_Singleton", "20201026_WinMain_Singleton\201012_WinMain\201012_WinMain.vcxproj", "{DF4A49B0-A716-4035-80FF-35B107A62670}"
EndProject
Project("{8BC9CEB8-8B4A-11D0-8D11-00A0C91BC942}") = "ARKANOID", "ARKANOID\ARKANOID.vcxproj", "{9EDA866E-E0AD-48BE-8066-FDE0B99FE814}"
EndProject
Project("{8BC9CEB8-8B4A-11D0-8D11-00A0C91BC942}") = "atanCollision", "atanCross\atanCross.vcxproj", "{40B865CF-1C7A-4D91-9F79-B1AFF7EC5414}"
EndProject
Project("{8BC9CEB8-8B4A-11D0-8D11-00A0C91BC942}") = "201110_WinMain", "201110_WinMain\201110_WinMain.vcxproj", "{30886057-8491-43F9-838F-0234464C0ADC}"
EndProject
Project("{2150E333-8FDC-42A3-9474-1A3956D46DE8}") = "11월", "11월", "{ED652BB1-4298-4BE7-901D-9499260A5A4E}"
EndProject
Project("{8BC9CEB8-8B4A-11D0-8D11-00A0C91BC942}") = "201118_FactoryMethod", "201118_FactoryMethod\201118_FactoryMethod.vcxproj", "{38712995-021D-49DD-818A-D20CA6F89209}"
EndProject
Project("{8BC9CEB8-8B4A-11D0-8D11-00A0C91BC942}") = "201124_StrategyPattern", "201124_StrategyPattern\201124_StrategyPattern.vcxproj", "{882F9EE9-01DA-4DB3-A919-74D7EB8991EA}"
EndProject
Project("{2150E333-8FDC-42A3-9474-1A3956D46DE8}") = "12월", "12월", "{7BA34E8A-27F3-40DB-B708-08614ABD4986}"
EndProject
Project("{8BC9CEB8-8B4A-11D0-8D11-00A0C91BC942}") = "201214_Graph", "201214_Graph\201214_Graph.vcxproj", "{2AA23A58-A28B-4034-AA75-A7D141B7DA75}"
EndProject
Project("{8BC9CEB8-8B4A-11D0-8D11-00A0C91BC942}") = "201215_Dijkstra", "201215_Dijkstra\201215_Dijkstra.vcxproj", "{65EEF476-555A-482B-9219-179E8712F751}"
EndProject
Global
	GlobalSection(SolutionConfigurationPlatforms) = preSolution
		Debug|x64 = Debug|x64
		Debug|x86 = Debug|x86
		Release|x64 = Release|x64
		Release|x86 = Release|x86
	EndGlobalSection
	GlobalSection(ProjectConfigurationPlatforms) = postSolution
		{ADC85E74-A774-431A-8331-F9D21589C4AB}.Debug|x64.ActiveCfg = Debug|x64
		{ADC85E74-A774-431A-8331-F9D21589C4AB}.Debug|x64.Build.0 = Debug|x64
		{ADC85E74-A774-431A-8331-F9D21589C4AB}.Debug|x86.ActiveCfg = Debug|Win32
		{ADC85E74-A774-431A-8331-F9D21589C4AB}.Debug|x86.Build.0 = Debug|Win32
		{ADC85E74-A774-431A-8331-F9D21589C4AB}.Release|x64.ActiveCfg = Release|x64
		{ADC85E74-A774-431A-8331-F9D21589C4AB}.Release|x64.Build.0 = Release|x64
		{ADC85E74-A774-431A-8331-F9D21589C4AB}.Release|x86.ActiveCfg = Release|Win32
		{ADC85E74-A774-431A-8331-F9D21589C4AB}.Release|x86.Build.0 = Release|Win32
		{8648C127-BA1F-4F82-9DCD-10164A473E88}.Debug|x64.ActiveCfg = Debug|x64
		{8648C127-BA1F-4F82-9DCD-10164A473E88}.Debug|x64.Build.0 = Debug|x64
		{8648C127-BA1F-4F82-9DCD-10164A473E88}.Debug|x86.ActiveCfg = Debug|Win32
		{8648C127-BA1F-4F82-9DCD-10164A473E88}.Debug|x86.Build.0 = Debug|Win32
		{8648C127-BA1F-4F82-9DCD-10164A473E88}.Release|x64.ActiveCfg = Release|x64
		{8648C127-BA1F-4F82-9DCD-10164A473E88}.Release|x64.Build.0 = Release|x64
		{8648C127-BA1F-4F82-9DCD-10164A473E88}.Release|x86.ActiveCfg = Release|Win32
		{8648C127-BA1F-4F82-9DCD-10164A473E88}.Release|x86.Build.0 = Release|Win32
		{B844F57D-5E92-44C1-99BB-87BDF6E58C7F}.Debug|x64.ActiveCfg = Debug|x64
		{B844F57D-5E92-44C1-99BB-87BDF6E58C7F}.Debug|x64.Build.0 = Debug|x64
		{B844F57D-5E92-44C1-99BB-87BDF6E58C7F}.Debug|x86.ActiveCfg = Debug|Win32
		{B844F57D-5E92-44C1-99BB-87BDF6E58C7F}.Debug|x86.Build.0 = Debug|Win32
		{B844F57D-5E92-44C1-99BB-87BDF6E58C7F}.Release|x64.ActiveCfg = Release|x64
		{B844F57D-5E92-44C1-99BB-87BDF6E58C7F}.Release|x64.Build.0 = Release|x64
		{B844F57D-5E92-44C1-99BB-87BDF6E58C7F}.Release|x86.ActiveCfg = Release|Win32
		{B844F57D-5E92-44C1-99BB-87BDF6E58C7F}.Release|x86.Build.0 = Release|Win32
		{B9E4E8DE-0F64-4D03-9E86-F971E938B6FE}.Debug|x64.ActiveCfg = Debug|x64
		{B9E4E8DE-0F64-4D03-9E86-F971E938B6FE}.Debug|x64.Build.0 = Debug|x64
		{B9E4E8DE-0F64-4D03-9E86-F971E938B6FE}.Debug|x86.ActiveCfg = Debug|Win32
		{B9E4E8DE-0F64-4D03-9E86-F971E938B6FE}.Debug|x86.Build.0 = Debug|Win32
		{B9E4E8DE-0F64-4D03-9E86-F971E938B6FE}.Release|x64.ActiveCfg = Release|x64
		{B9E4E8DE-0F64-4D03-9E86-F971E938B6FE}.Release|x64.Build.0 = Release|x64
		{B9E4E8DE-0F64-4D03-9E86-F971E938B6FE}.Release|x86.ActiveCfg = Release|Win32
		{B9E4E8DE-0F64-4D03-9E86-F971E938B6FE}.Release|x86.Build.0 = Release|Win32
		{F5A56E6C-9DA4-47E7-912B-CBD0DE44EEAD}.Debug|x64.ActiveCfg = Debug|x64
		{F5A56E6C-9DA4-47E7-912B-CBD0DE44EEAD}.Debug|x64.Build.0 = Debug|x64
		{F5A56E6C-9DA4-47E7-912B-CBD0DE44EEAD}.Debug|x86.ActiveCfg = Debug|Win32
		{F5A56E6C-9DA4-47E7-912B-CBD0DE44EEAD}.Debug|x86.Build.0 = Debug|Win32
		{F5A56E6C-9DA4-47E7-912B-CBD0DE44EEAD}.Release|x64.ActiveCfg = Release|x64
		{F5A56E6C-9DA4-47E7-912B-CBD0DE44EEAD}.Release|x64.Build.0 = Release|x64
		{F5A56E6C-9DA4-47E7-912B-CBD0DE44EEAD}.Release|x86.ActiveCfg = Release|Win32
		{F5A56E6C-9DA4-47E7-912B-CBD0DE44EEAD}.Release|x86.Build.0 = Release|Win32
		{84824E27-D36E-45FF-85D9-36ADF8FDF15F}.Debug|x64.ActiveCfg = Debug|x64
		{84824E27-D36E-45FF-85D9-36ADF8FDF15F}.Debug|x64.Build.0 = Debug|x64
		{84824E27-D36E-45FF-85D9-36ADF8FDF15F}.Debug|x86.ActiveCfg = Debug|Win32
		{84824E27-D36E-45FF-85D9-36ADF8FDF15F}.Debug|x86.Build.0 = Debug|Win32
		{84824E27-D36E-45FF-85D9-36ADF8FDF15F}.Release|x64.ActiveCfg = Release|x64
		{84824E27-D36E-45FF-85D9-36ADF8FDF15F}.Release|x64.Build.0 = Release|x64
		{84824E27-D36E-45FF-85D9-36ADF8FDF15F}.Release|x86.ActiveCfg = Release|Win32
		{84824E27-D36E-45FF-85D9-36ADF8FDF15F}.Release|x86.Build.0 = Release|Win32
		{C5D615DC-015C-4C69-89A5-37A6FAE72CC4}.Debug|x64.ActiveCfg = Debug|x64
		{C5D615DC-015C-4C69-89A5-37A6FAE72CC4}.Debug|x64.Build.0 = Debug|x64
		{C5D615DC-015C-4C69-89A5-37A6FAE72CC4}.Debug|x86.ActiveCfg = Debug|Win32
		{C5D615DC-015C-4C69-89A5-37A6FAE72CC4}.Debug|x86.Build.0 = Debug|Win32
		{C5D615DC-015C-4C69-89A5-37A6FAE72CC4}.Release|x64.ActiveCfg = Release|x64
		{C5D615DC-015C-4C69-89A5-37A6FAE72CC4}.Release|x64.Build.0 = Release|x64
		{C5D615DC-015C-4C69-89A5-37A6FAE72CC4}.Release|x86.ActiveCfg = Release|Win32
		{C5D615DC-015C-4C69-89A5-37A6FAE72CC4}.Release|x86.Build.0 = Release|Win32
		{E289A75B-C987-4F61-A687-D6DF2875531A}.Debug|x64.ActiveCfg = Debug|x64
		{E289A75B-C987-4F61-A687-D6DF2875531A}.Debug|x64.Build.0 = Debug|x64
		{E289A75B-C987-4F61-A687-D6DF2875531A}.Debug|x86.ActiveCfg = Debug|Win32
		{E289A75B-C987-4F61-A687-D6DF2875531A}.Debug|x86.Build.0 = Debug|Win32
		{E289A75B-C987-4F61-A687-D6DF2875531A}.Release|x64.ActiveCfg = Release|x64
		{E289A75B-C987-4F61-A687-D6DF2875531A}.Release|x64.Build.0 = Release|x64
		{E289A75B-C987-4F61-A687-D6DF2875531A}.Release|x86.ActiveCfg = Release|Win32
		{E289A75B-C987-4F61-A687-D6DF2875531A}.Release|x86.Build.0 = Release|Win32
		{F2ABEFF8-CAB6-4587-8390-559F7E0B3B42}.Debug|x64.ActiveCfg = Debug|x64
		{F2ABEFF8-CAB6-4587-8390-559F7E0B3B42}.Debug|x64.Build.0 = Debug|x64
		{F2ABEFF8-CAB6-4587-8390-559F7E0B3B42}.Debug|x86.ActiveCfg = Debug|Win32
		{F2ABEFF8-CAB6-4587-8390-559F7E0B3B42}.Debug|x86.Build.0 = Debug|Win32
		{F2ABEFF8-CAB6-4587-8390-559F7E0B3B42}.Release|x64.ActiveCfg = Release|x64
		{F2ABEFF8-CAB6-4587-8390-559F7E0B3B42}.Release|x64.Build.0 = Release|x64
		{F2ABEFF8-CAB6-4587-8390-559F7E0B3B42}.Release|x86.ActiveCfg = Release|Win32
		{F2ABEFF8-CAB6-4587-8390-559F7E0B3B42}.Release|x86.Build.0 = Release|Win32
		{6D7C03E5-115D-4328-96A7-455363F5C441}.Debug|x64.ActiveCfg = Debug|x64
		{6D7C03E5-115D-4328-96A7-455363F5C441}.Debug|x64.Build.0 = Debug|x64
		{6D7C03E5-115D-4328-96A7-455363F5C441}.Debug|x86.ActiveCfg = Debug|Win32
		{6D7C03E5-115D-4328-96A7-455363F5C441}.Debug|x86.Build.0 = Debug|Win32
		{6D7C03E5-115D-4328-96A7-455363F5C441}.Release|x64.ActiveCfg = Release|x64
		{6D7C03E5-115D-4328-96A7-455363F5C441}.Release|x64.Build.0 = Release|x64
		{6D7C03E5-115D-4328-96A7-455363F5C441}.Release|x86.ActiveCfg = Release|Win32
		{6D7C03E5-115D-4328-96A7-455363F5C441}.Release|x86.Build.0 = Release|Win32
		{344309B1-7F61-4BE7-91B5-D51271FDC1FD}.Debug|x64.ActiveCfg = Debug|x64
		{344309B1-7F61-4BE7-91B5-D51271FDC1FD}.Debug|x64.Build.0 = Debug|x64
		{344309B1-7F61-4BE7-91B5-D51271FDC1FD}.Debug|x86.ActiveCfg = Debug|Win32
		{344309B1-7F61-4BE7-91B5-D51271FDC1FD}.Debug|x86.Build.0 = Debug|Win32
		{344309B1-7F61-4BE7-91B5-D51271FDC1FD}.Release|x64.ActiveCfg = Release|x64
		{344309B1-7F61-4BE7-91B5-D51271FDC1FD}.Release|x64.Build.0 = Release|x64
		{344309B1-7F61-4BE7-91B5-D51271FDC1FD}.Release|x86.ActiveCfg = Release|Win32
		{344309B1-7F61-4BE7-91B5-D51271FDC1FD}.Release|x86.Build.0 = Release|Win32
		{5299B6A4-51C0-44AA-AB6A-7B2B2E183F5F}.Debug|x64.ActiveCfg = Debug|x64
		{5299B6A4-51C0-44AA-AB6A-7B2B2E183F5F}.Debug|x64.Build.0 = Debug|x64
		{5299B6A4-51C0-44AA-AB6A-7B2B2E183F5F}.Debug|x86.ActiveCfg = Debug|Win32
		{5299B6A4-51C0-44AA-AB6A-7B2B2E183F5F}.Debug|x86.Build.0 = Debug|Win32
		{5299B6A4-51C0-44AA-AB6A-7B2B2E183F5F}.Release|x64.ActiveCfg = Release|x64
		{5299B6A4-51C0-44AA-AB6A-7B2B2E183F5F}.Release|x64.Build.0 = Release|x64
		{5299B6A4-51C0-44AA-AB6A-7B2B2E183F5F}.Release|x86.ActiveCfg = Release|Win32
		{5299B6A4-51C0-44AA-AB6A-7B2B2E183F5F}.Release|x86.Build.0 = Release|Win32
		{0F38FC5C-947E-4302-93A4-5EE35FB374FE}.Debug|x64.ActiveCfg = Debug|x64
		{0F38FC5C-947E-4302-93A4-5EE35FB374FE}.Debug|x64.Build.0 = Debug|x64
		{0F38FC5C-947E-4302-93A4-5EE35FB374FE}.Debug|x86.ActiveCfg = Debug|Win32
		{0F38FC5C-947E-4302-93A4-5EE35FB374FE}.Debug|x86.Build.0 = Debug|Win32
		{0F38FC5C-947E-4302-93A4-5EE35FB374FE}.Release|x64.ActiveCfg = Release|x64
		{0F38FC5C-947E-4302-93A4-5EE35FB374FE}.Release|x64.Build.0 = Release|x64
		{0F38FC5C-947E-4302-93A4-5EE35FB374FE}.Release|x86.ActiveCfg = Release|Win32
		{0F38FC5C-947E-4302-93A4-5EE35FB374FE}.Release|x86.Build.0 = Release|Win32
		{3E7C05B0-8CA4-409F-9E13-F38ADCC26CE7}.Debug|x64.ActiveCfg = Debug|x64
		{3E7C05B0-8CA4-409F-9E13-F38ADCC26CE7}.Debug|x64.Build.0 = Debug|x64
		{3E7C05B0-8CA4-409F-9E13-F38ADCC26CE7}.Debug|x86.ActiveCfg = Debug|Win32
		{3E7C05B0-8CA4-409F-9E13-F38ADCC26CE7}.Debug|x86.Build.0 = Debug|Win32
		{3E7C05B0-8CA4-409F-9E13-F38ADCC26CE7}.Release|x64.ActiveCfg = Release|x64
		{3E7C05B0-8CA4-409F-9E13-F38ADCC26CE7}.Release|x64.Build.0 = Release|x64
		{3E7C05B0-8CA4-409F-9E13-F38ADCC26CE7}.Release|x86.ActiveCfg = Release|Win32
		{3E7C05B0-8CA4-409F-9E13-F38ADCC26CE7}.Release|x86.Build.0 = Release|Win32
		{1886A44F-1CFA-4087-98BD-DEFBFF568AC9}.Debug|x64.ActiveCfg = Debug|x64
		{1886A44F-1CFA-4087-98BD-DEFBFF568AC9}.Debug|x64.Build.0 = Debug|x64
		{1886A44F-1CFA-4087-98BD-DEFBFF568AC9}.Debug|x86.ActiveCfg = Debug|Win32
		{1886A44F-1CFA-4087-98BD-DEFBFF568AC9}.Debug|x86.Build.0 = Debug|Win32
		{1886A44F-1CFA-4087-98BD-DEFBFF568AC9}.Release|x64.ActiveCfg = Release|x64
		{1886A44F-1CFA-4087-98BD-DEFBFF568AC9}.Release|x64.Build.0 = Release|x64
		{1886A44F-1CFA-4087-98BD-DEFBFF568AC9}.Release|x86.ActiveCfg = Release|Win32
		{1886A44F-1CFA-4087-98BD-DEFBFF568AC9}.Release|x86.Build.0 = Release|Win32
		{E9D5BD71-0836-4A8F-8EAB-42697A0002E4}.Debug|x64.ActiveCfg = Debug|x64
		{E9D5BD71-0836-4A8F-8EAB-42697A0002E4}.Debug|x64.Build.0 = Debug|x64
		{E9D5BD71-0836-4A8F-8EAB-42697A0002E4}.Debug|x86.ActiveCfg = Debug|Win32
		{E9D5BD71-0836-4A8F-8EAB-42697A0002E4}.Debug|x86.Build.0 = Debug|Win32
		{E9D5BD71-0836-4A8F-8EAB-42697A0002E4}.Release|x64.ActiveCfg = Release|x64
		{E9D5BD71-0836-4A8F-8EAB-42697A0002E4}.Release|x64.Build.0 = Release|x64
		{E9D5BD71-0836-4A8F-8EAB-42697A0002E4}.Release|x86.ActiveCfg = Release|Win32
		{E9D5BD71-0836-4A8F-8EAB-42697A0002E4}.Release|x86.Build.0 = Release|Win32
		{B99D91E0-EA80-430D-896B-E34F03694262}.Debug|x64.ActiveCfg = Debug|x64
		{B99D91E0-EA80-430D-896B-E34F03694262}.Debug|x64.Build.0 = Debug|x64
		{B99D91E0-EA80-430D-896B-E34F03694262}.Debug|x86.ActiveCfg = Debug|Win32
		{B99D91E0-EA80-430D-896B-E34F03694262}.Debug|x86.Build.0 = Debug|Win32
		{B99D91E0-EA80-430D-896B-E34F03694262}.Release|x64.ActiveCfg = Release|x64
		{B99D91E0-EA80-430D-896B-E34F03694262}.Release|x64.Build.0 = Release|x64
		{B99D91E0-EA80-430D-896B-E34F03694262}.Release|x86.ActiveCfg = Release|Win32
		{B99D91E0-EA80-430D-896B-E34F03694262}.Release|x86.Build.0 = Release|Win32
		{BF3EC222-A7E1-408E-A931-5BE8ADD5CB57}.Debug|x64.ActiveCfg = Debug|x64
		{BF3EC222-A7E1-408E-A931-5BE8ADD5CB57}.Debug|x64.Build.0 = Debug|x64
		{BF3EC222-A7E1-408E-A931-5BE8ADD5CB57}.Debug|x86.ActiveCfg = Debug|Win32
		{BF3EC222-A7E1-408E-A931-5BE8ADD5CB57}.Debug|x86.Build.0 = Debug|Win32
		{BF3EC222-A7E1-408E-A931-5BE8ADD5CB57}.Release|x64.ActiveCfg = Release|x64
		{BF3EC222-A7E1-408E-A931-5BE8ADD5CB57}.Release|x64.Build.0 = Release|x64
		{BF3EC222-A7E1-408E-A931-5BE8ADD5CB57}.Release|x86.ActiveCfg = Release|Win32
		{BF3EC222-A7E1-408E-A931-5BE8ADD5CB57}.Release|x86.Build.0 = Release|Win32
		{6179C577-2428-4B9B-B6E6-F790CEB79495}.Debug|x64.ActiveCfg = Debug|x64
		{6179C577-2428-4B9B-B6E6-F790CEB79495}.Debug|x64.Build.0 = Debug|x64
		{6179C577-2428-4B9B-B6E6-F790CEB79495}.Debug|x86.ActiveCfg = Debug|Win32
		{6179C577-2428-4B9B-B6E6-F790CEB79495}.Debug|x86.Build.0 = Debug|Win32
		{6179C577-2428-4B9B-B6E6-F790CEB79495}.Release|x64.ActiveCfg = Release|x64
		{6179C577-2428-4B9B-B6E6-F790CEB79495}.Release|x64.Build.0 = Release|x64
		{6179C577-2428-4B9B-B6E6-F790CEB79495}.Release|x86.ActiveCfg = Release|Win32
		{6179C577-2428-4B9B-B6E6-F790CEB79495}.Release|x86.Build.0 = Release|Win32
		{516D39DE-BFBE-4EAC-9F23-0D9D034ECB01}.Debug|x64.ActiveCfg = Debug|x64
		{516D39DE-BFBE-4EAC-9F23-0D9D034ECB01}.Debug|x64.Build.0 = Debug|x64
		{516D39DE-BFBE-4EAC-9F23-0D9D034ECB01}.Debug|x86.ActiveCfg = Debug|Win32
		{516D39DE-BFBE-4EAC-9F23-0D9D034ECB01}.Debug|x86.Build.0 = Debug|Win32
		{516D39DE-BFBE-4EAC-9F23-0D9D034ECB01}.Release|x64.ActiveCfg = Release|x64
		{516D39DE-BFBE-4EAC-9F23-0D9D034ECB01}.Release|x64.Build.0 = Release|x64
		{516D39DE-BFBE-4EAC-9F23-0D9D034ECB01}.Release|x86.ActiveCfg = Release|Win32
		{516D39DE-BFBE-4EAC-9F23-0D9D034ECB01}.Release|x86.Build.0 = Release|Win32
		{987750A4-1A31-4535-942C-F7C5629DB67A}.Debug|x64.ActiveCfg = Debug|x64
		{987750A4-1A31-4535-942C-F7C5629DB67A}.Debug|x64.Build.0 = Debug|x64
		{987750A4-1A31-4535-942C-F7C5629DB67A}.Debug|x86.ActiveCfg = Debug|Win32
		{987750A4-1A31-4535-942C-F7C5629DB67A}.Debug|x86.Build.0 = Debug|Win32
		{987750A4-1A31-4535-942C-F7C5629DB67A}.Release|x64.ActiveCfg = Release|x64
		{987750A4-1A31-4535-942C-F7C5629DB67A}.Release|x64.Build.0 = Release|x64
		{987750A4-1A31-4535-942C-F7C5629DB67A}.Release|x86.ActiveCfg = Release|Win32
		{987750A4-1A31-4535-942C-F7C5629DB67A}.Release|x86.Build.0 = Release|Win32
		{0DD2DCAE-40E4-4B17-B3FF-D004CB38E444}.Debug|x64.ActiveCfg = Debug|x64
		{0DD2DCAE-40E4-4B17-B3FF-D004CB38E444}.Debug|x64.Build.0 = Debug|x64
		{0DD2DCAE-40E4-4B17-B3FF-D004CB38E444}.Debug|x86.ActiveCfg = Debug|Win32
		{0DD2DCAE-40E4-4B17-B3FF-D004CB38E444}.Debug|x86.Build.0 = Debug|Win32
		{0DD2DCAE-40E4-4B17-B3FF-D004CB38E444}.Release|x64.ActiveCfg = Release|x64
		{0DD2DCAE-40E4-4B17-B3FF-D004CB38E444}.Release|x64.Build.0 = Release|x64
		{0DD2DCAE-40E4-4B17-B3FF-D004CB38E444}.Release|x86.ActiveCfg = Release|Win32
		{0DD2DCAE-40E4-4B17-B3FF-D004CB38E444}.Release|x86.Build.0 = Release|Win32
		{DF4A49B0-A716-4035-80FF-35B107A62670}.Debug|x64.ActiveCfg = Debug|x64
		{DF4A49B0-A716-4035-80FF-35B107A62670}.Debug|x64.Build.0 = Debug|x64
		{DF4A49B0-A716-4035-80FF-35B107A62670}.Debug|x86.ActiveCfg = Debug|Win32
		{DF4A49B0-A716-4035-80FF-35B107A62670}.Debug|x86.Build.0 = Debug|Win32
		{DF4A49B0-A716-4035-80FF-35B107A62670}.Release|x64.ActiveCfg = Release|x64
		{DF4A49B0-A716-4035-80FF-35B107A62670}.Release|x64.Build.0 = Release|x64
		{DF4A49B0-A716-4035-80FF-35B107A62670}.Release|x86.ActiveCfg = Release|Win32
		{DF4A49B0-A716-4035-80FF-35B107A62670}.Release|x86.Build.0 = Release|Win32
		{9EDA866E-E0AD-48BE-8066-FDE0B99FE814}.Debug|x64.ActiveCfg = Debug|x64
		{9EDA866E-E0AD-48BE-8066-FDE0B99FE814}.Debug|x64.Build.0 = Debug|x64
		{9EDA866E-E0AD-48BE-8066-FDE0B99FE814}.Debug|x86.ActiveCfg = Debug|Win32
		{9EDA866E-E0AD-48BE-8066-FDE0B99FE814}.Debug|x86.Build.0 = Debug|Win32
		{9EDA866E-E0AD-48BE-8066-FDE0B99FE814}.Release|x64.ActiveCfg = Release|x64
		{9EDA866E-E0AD-48BE-8066-FDE0B99FE814}.Release|x64.Build.0 = Release|x64
		{9EDA866E-E0AD-48BE-8066-FDE0B99FE814}.Release|x86.ActiveCfg = Release|Win32
		{9EDA866E-E0AD-48BE-8066-FDE0B99FE814}.Release|x86.Build.0 = Release|Win32
		{40B865CF-1C7A-4D91-9F79-B1AFF7EC5414}.Debug|x64.ActiveCfg = Debug|x64
		{40B865CF-1C7A-4D91-9F79-B1AFF7EC5414}.Debug|x64.Build.0 = Debug|x64
		{40B865CF-1C7A-4D91-9F79-B1AFF7EC5414}.Debug|x86.ActiveCfg = Debug|Win32
		{40B865CF-1C7A-4D91-9F79-B1AFF7EC5414}.Debug|x86.Build.0 = Debug|Win32
		{40B865CF-1C7A-4D91-9F79-B1AFF7EC5414}.Release|x64.ActiveCfg = Release|x64
		{40B865CF-1C7A-4D91-9F79-B1AFF7EC5414}.Release|x64.Build.0 = Release|x64
		{40B865CF-1C7A-4D91-9F79-B1AFF7EC5414}.Release|x86.ActiveCfg = Release|Win32
		{40B865CF-1C7A-4D91-9F79-B1AFF7EC5414}.Release|x86.Build.0 = Release|Win32
		{30886057-8491-43F9-838F-0234464C0ADC}.Debug|x64.ActiveCfg = Debug|x64
		{30886057-8491-43F9-838F-0234464C0ADC}.Debug|x64.Build.0 = Debug|x64
		{30886057-8491-43F9-838F-0234464C0ADC}.Debug|x86.ActiveCfg = Debug|Win32
		{30886057-8491-43F9-838F-0234464C0ADC}.Debug|x86.Build.0 = Debug|Win32
		{30886057-8491-43F9-838F-0234464C0ADC}.Release|x64.ActiveCfg = Release|x64
		{30886057-8491-43F9-838F-0234464C0ADC}.Release|x64.Build.0 = Release|x64
		{30886057-8491-43F9-838F-0234464C0ADC}.Release|x86.ActiveCfg = Release|Win32
		{30886057-8491-43F9-838F-0234464C0ADC}.Release|x86.Build.0 = Release|Win32
		{38712995-021D-49DD-818A-D20CA6F89209}.Debug|x64.ActiveCfg = Debug|x64
		{38712995-021D-49DD-818A-D20CA6F89209}.Debug|x64.Build.0 = Debug|x64
		{38712995-021D-49DD-818A-D20CA6F89209}.Debug|x86.ActiveCfg = Debug|Win32
		{38712995-021D-49DD-818A-D20CA6F89209}.Debug|x86.Build.0 = Debug|Win32
		{38712995-021D-49DD-818A-D20CA6F89209}.Release|x64.ActiveCfg = Release|x64
		{38712995-021D-49DD-818A-D20CA6F89209}.Release|x64.Build.0 = Release|x64
		{38712995-021D-49DD-818A-D20CA6F89209}.Release|x86.ActiveCfg = Release|Win32
		{38712995-021D-49DD-818A-D20CA6F89209}.Release|x86.Build.0 = Release|Win32
		{882F9EE9-01DA-4DB3-A919-74D7EB8991EA}.Debug|x64.ActiveCfg = Debug|x64
		{882F9EE9-01DA-4DB3-A919-74D7EB8991EA}.Debug|x64.Build.0 = Debug|x64
		{882F9EE9-01DA-4DB3-A919-74D7EB8991EA}.Debug|x86.ActiveCfg = Debug|Win32
		{882F9EE9-01DA-4DB3-A919-74D7EB8991EA}.Debug|x86.Build.0 = Debug|Win32
		{882F9EE9-01DA-4DB3-A919-74D7EB8991EA}.Release|x64.ActiveCfg = Release|x64
		{882F9EE9-01DA-4DB3-A919-74D7EB8991EA}.Release|x64.Build.0 = Release|x64
		{882F9EE9-01DA-4DB3-A919-74D7EB8991EA}.Release|x86.ActiveCfg = Release|Win32
		{882F9EE9-01DA-4DB3-A919-74D7EB8991EA}.Release|x86.Build.0 = Release|Win32
		{2AA23A58-A28B-4034-AA75-A7D141B7DA75}.Debug|x64.ActiveCfg = Debug|x64
		{2AA23A58-A28B-4034-AA75-A7D141B7DA75}.Debug|x64.Build.0 = Debug|x64
		{2AA23A58-A28B-4034-AA75-A7D141B7DA75}.Debug|x86.ActiveCfg = Debug|Win32
		{2AA23A58-A28B-4034-AA75-A7D141B7DA75}.Debug|x86.Build.0 = Debug|Win32
		{2AA23A58-A28B-4034-AA75-A7D141B7DA75}.Release|x64.ActiveCfg = Release|x64
		{2AA23A58-A28B-4034-AA75-A7D141B7DA75}.Release|x64.Build.0 = Release|x64
		{2AA23A58-A28B-4034-AA75-A7D141B7DA75}.Release|x86.ActiveCfg = Release|Win32
		{2AA23A58-A28B-4034-AA75-A7D141B7DA75}.Release|x86.Build.0 = Release|Win32
		{65EEF476-555A-482B-9219-179E8712F751}.Debug|x64.ActiveCfg = Debug|x64
		{65EEF476-555A-482B-9219-179E8712F751}.Debug|x64.Build.0 = Debug|x64
		{65EEF476-555A-482B-9219-179E8712F751}.Debug|x86.ActiveCfg = Debug|Win32
		{65EEF476-555A-482B-9219-179E8712F751}.Debug|x86.Build.0 = Debug|Win32
		{65EEF476-555A-482B-9219-179E8712F751}.Release|x64.ActiveCfg = Release|x64
		{65EEF476-555A-482B-9219-179E8712F751}.Release|x64.Build.0 = Release|x64
		{65EEF476-555A-482B-9219-179E8712F751}.Release|x86.ActiveCfg = Release|Win32
		{65EEF476-555A-482B-9219-179E8712F751}.Release|x86.Build.0 = Release|Win32
	EndGlobalSection
	GlobalSection(SolutionProperties) = preSolution
		HideSolutionNode = FALSE
	EndGlobalSection
	GlobalSection(NestedProjects) = preSolution
		{B844F57D-5E92-44C1-99BB-87BDF6E58C7F} = {D940C04A-2BE3-41BA-96A8-9B7C96C1203E}
		{B9E4E8DE-0F64-4D03-9E86-F971E938B6FE} = {D940C04A-2BE3-41BA-96A8-9B7C96C1203E}
		{F5A56E6C-9DA4-47E7-912B-CBD0DE44EEAD} = {D940C04A-2BE3-41BA-96A8-9B7C96C1203E}
		{84824E27-D36E-45FF-85D9-36ADF8FDF15F} = {D940C04A-2BE3-41BA-96A8-9B7C96C1203E}
		{C5D615DC-015C-4C69-89A5-37A6FAE72CC4} = {D940C04A-2BE3-41BA-96A8-9B7C96C1203E}
		{E289A75B-C987-4F61-A687-D6DF2875531A} = {D940C04A-2BE3-41BA-96A8-9B7C96C1203E}
		{6D7C03E5-115D-4328-96A7-455363F5C441} = {D940C04A-2BE3-41BA-96A8-9B7C96C1203E}
		{344309B1-7F61-4BE7-91B5-D51271FDC1FD} = {D940C04A-2BE3-41BA-96A8-9B7C96C1203E}
		{5299B6A4-51C0-44AA-AB6A-7B2B2E183F5F} = {FBEBB6F0-2B0F-491C-9C8A-E7425117CA3E}
		{0F38FC5C-947E-4302-93A4-5EE35FB374FE} = {FBEBB6F0-2B0F-491C-9C8A-E7425117CA3E}
		{3E7C05B0-8CA4-409F-9E13-F38ADCC26CE7} = {FBEBB6F0-2B0F-491C-9C8A-E7425117CA3E}
		{1886A44F-1CFA-4087-98BD-DEFBFF568AC9} = {FBEBB6F0-2B0F-491C-9C8A-E7425117CA3E}
		{E9D5BD71-0836-4A8F-8EAB-42697A0002E4} = {FBEBB6F0-2B0F-491C-9C8A-E7425117CA3E}
		{B99D91E0-EA80-430D-896B-E34F03694262} = {FBEBB6F0-2B0F-491C-9C8A-E7425117CA3E}
		{6179C577-2428-4B9B-B6E6-F790CEB79495} = {FBEBB6F0-2B0F-491C-9C8A-E7425117CA3E}
		{DF4A49B0-A716-4035-80FF-35B107A62670} = {FBEBB6F0-2B0F-491C-9C8A-E7425117CA3E}
		{30886057-8491-43F9-838F-0234464C0ADC} = {ED652BB1-4298-4BE7-901D-9499260A5A4E}
		{38712995-021D-49DD-818A-D20CA6F89209} = {ED652BB1-4298-4BE7-901D-9499260A5A4E}
		{882F9EE9-01DA-4DB3-A919-74D7EB8991EA} = {ED652BB1-4298-4BE7-901D-9499260A5A4E}
		{2AA23A58-A28B-4034-AA75-A7D141B7DA75} = {7BA34E8A-27F3-40DB-B708-08614ABD4986}
		{65EEF476-555A-482B-9219-179E8712F751} = {7BA34E8A-27F3-40DB-B708-08614ABD4986}
	EndGlobalSection
	GlobalSection(ExtensibilityGlobals) = postSolution
		SolutionGuid = {B6053F39-0951-44C6-949B-EE41A1EBE61F}
	EndGlobalSection
EndGlobal
